
Microsoft Visual Studio Solution File, Format Version 12.00
# Visual Studio Version 16
VisualStudioVersion = 16.0.31613.86
MinimumVisualStudioVersion = 10.0.40219.1
Project("{2150E333-8FDC-42A3-9474-1A3956D46DE8}") = "Modules", "Modules", "{AB021C70-6503-417C-8868-0792E2073CB1}"
EndProject
Project("{9A19103F-16F7-4668-BE54-9A1E7A4F7556}") = "ReflectionModule", "src\Modules\ReflectionModule\ReflectionModule.csproj", "{DA5316AB-912F-4FDD-9210-AA4FC6F9F33B}"
EndProject
Project("{9A19103F-16F7-4668-BE54-9A1E7A4F7556}") = "DevBooster", "src\DevBooster\DevBooster.csproj", "{BDE1EB8F-EDE1-4A99-86A0-301681B392C8}"
EndProject
Project("{2150E333-8FDC-42A3-9474-1A3956D46DE8}") = "src", "src", "{7A70DB67-F76D-429D-904D-20992691B4AC}"
EndProject
Project("{2150E333-8FDC-42A3-9474-1A3956D46DE8}") = "tests", "tests", "{6F0698F1-9ECA-4124-A4D0-0D5A6A48D416}"
EndProject
Project("{9A19103F-16F7-4668-BE54-9A1E7A4F7556}") = "ProjectManagementModule", "src\Modules\CreateTaskModule\ProjectManagementModule.csproj", "{73B0F2D4-DC6D-42D1-8F29-D7CFD4E41C11}"
EndProject
Project("{E53339B2-1760-4266-BCC7-CA923CBCF16C}") = "docker-compose", "docker-compose.dcproj", "{1D07ED8B-163E-42A1-A4E2-6FEF5A74751E}"
EndProject
Project("{FAE04EC0-301F-11D3-BF4B-00C04F79EFBC}") = "ProjectManagementModule.IntegrationTests", "tests\ProjectManagementModule.IntegrationTests\ProjectManagementModule.IntegrationTests.csproj", "{7D73C1BC-67B9-4E63-B63B-0E8822D70902}"
EndProject
Global
	GlobalSection(SolutionConfigurationPlatforms) = preSolution
		Debug|Any CPU = Debug|Any CPU
		Release|Any CPU = Release|Any CPU
	EndGlobalSection
	GlobalSection(ProjectConfigurationPlatforms) = postSolution
		{DA5316AB-912F-4FDD-9210-AA4FC6F9F33B}.Debug|Any CPU.ActiveCfg = Debug|Any CPU
		{DA5316AB-912F-4FDD-9210-AA4FC6F9F33B}.Debug|Any CPU.Build.0 = Debug|Any CPU
		{DA5316AB-912F-4FDD-9210-AA4FC6F9F33B}.Release|Any CPU.ActiveCfg = Release|Any CPU
		{DA5316AB-912F-4FDD-9210-AA4FC6F9F33B}.Release|Any CPU.Build.0 = Release|Any CPU
		{BDE1EB8F-EDE1-4A99-86A0-301681B392C8}.Debug|Any CPU.ActiveCfg = Debug|Any CPU
		{BDE1EB8F-EDE1-4A99-86A0-301681B392C8}.Debug|Any CPU.Build.0 = Debug|Any CPU
		{BDE1EB8F-EDE1-4A99-86A0-301681B392C8}.Release|Any CPU.ActiveCfg = Release|Any CPU
		{BDE1EB8F-EDE1-4A99-86A0-301681B392C8}.Release|Any CPU.Build.0 = Release|Any CPU
		{73B0F2D4-DC6D-42D1-8F29-D7CFD4E41C11}.Debug|Any CPU.ActiveCfg = Debug|Any CPU
		{73B0F2D4-DC6D-42D1-8F29-D7CFD4E41C11}.Debug|Any CPU.Build.0 = Debug|Any CPU
		{73B0F2D4-DC6D-42D1-8F29-D7CFD4E41C11}.Release|Any CPU.ActiveCfg = Release|Any CPU
		{73B0F2D4-DC6D-42D1-8F29-D7CFD4E41C11}.Release|Any CPU.Build.0 = Release|Any CPU
		{1D07ED8B-163E-42A1-A4E2-6FEF5A74751E}.Debug|Any CPU.ActiveCfg = Debug|Any CPU
		{1D07ED8B-163E-42A1-A4E2-6FEF5A74751E}.Debug|Any CPU.Build.0 = Debug|Any CPU
		{1D07ED8B-163E-42A1-A4E2-6FEF5A74751E}.Release|Any CPU.ActiveCfg = Release|Any CPU
		{1D07ED8B-163E-42A1-A4E2-6FEF5A74751E}.Release|Any CPU.Build.0 = Release|Any CPU
		{7D73C1BC-67B9-4E63-B63B-0E8822D70902}.Debug|Any CPU.ActiveCfg = Debug|Any CPU
		{7D73C1BC-67B9-4E63-B63B-0E8822D70902}.Debug|Any CPU.Build.0 = Debug|Any CPU
		{7D73C1BC-67B9-4E63-B63B-0E8822D70902}.Release|Any CPU.ActiveCfg = Release|Any CPU
		{7D73C1BC-67B9-4E63-B63B-0E8822D70902}.Release|Any CPU.Build.0 = Release|Any CPU
	EndGlobalSection
	GlobalSection(SolutionProperties) = preSolution
		HideSolutionNode = FALSE
	EndGlobalSection
	GlobalSection(NestedProjects) = preSolution
		{AB021C70-6503-417C-8868-0792E2073CB1} = {7A70DB67-F76D-429D-904D-20992691B4AC}
		{DA5316AB-912F-4FDD-9210-AA4FC6F9F33B} = {AB021C70-6503-417C-8868-0792E2073CB1}
		{BDE1EB8F-EDE1-4A99-86A0-301681B392C8} = {7A70DB67-F76D-429D-904D-20992691B4AC}
		{73B0F2D4-DC6D-42D1-8F29-D7CFD4E41C11} = {AB021C70-6503-417C-8868-0792E2073CB1}
		{7D73C1BC-67B9-4E63-B63B-0E8822D70902} = {6F0698F1-9ECA-4124-A4D0-0D5A6A48D416}
	EndGlobalSection
	GlobalSection(ExtensibilityGlobals) = postSolution
		SolutionGuid = {A26495A0-3975-4646-9307-3B0D3CCA004A}
	EndGlobalSection
EndGlobal
