
Microsoft Visual Studio Solution File, Format Version 12.00
# Visual Studio Version 16
VisualStudioVersion = 16.0.30011.22
MinimumVisualStudioVersion = 10.0.40219.1
Project("{2150E333-8FDC-42A3-9474-1A3956D46DE8}") = "Modules", "Modules", "{AB021C70-6503-417C-8868-0792E2073CB1}"
EndProject
Project("{9A19103F-16F7-4668-BE54-9A1E7A4F7556}") = "ReflectionModule", "src\Modules\ReflectionModule\ReflectionModule.csproj", "{DA5316AB-912F-4FDD-9210-AA4FC6F9F33B}"
EndProject
Project("{9A19103F-16F7-4668-BE54-9A1E7A4F7556}") = "DevBooster", "src\DevBooster\DevBooster.csproj", "{BDE1EB8F-EDE1-4A99-86A0-301681B392C8}"
EndProject
Global
	GlobalSection(SolutionConfigurationPlatforms) = preSolution
		Debug|Any CPU = Debug|Any CPU
		Release|Any CPU = Release|Any CPU
	EndGlobalSection
	GlobalSection(ProjectConfigurationPlatforms) = postSolution
		{DA5316AB-912F-4FDD-9210-AA4FC6F9F33B}.Debug|Any CPU.ActiveCfg = Debug|Any CPU
		{DA5316AB-912F-4FDD-9210-AA4FC6F9F33B}.Debug|Any CPU.Build.0 = Debug|Any CPU
		{DA5316AB-912F-4FDD-9210-AA4FC6F9F33B}.Release|Any CPU.ActiveCfg = Release|Any CPU
		{DA5316AB-912F-4FDD-9210-AA4FC6F9F33B}.Release|Any CPU.Build.0 = Release|Any CPU
		{BDE1EB8F-EDE1-4A99-86A0-301681B392C8}.Debug|Any CPU.ActiveCfg = Debug|Any CPU
		{BDE1EB8F-EDE1-4A99-86A0-301681B392C8}.Debug|Any CPU.Build.0 = Debug|Any CPU
		{BDE1EB8F-EDE1-4A99-86A0-301681B392C8}.Release|Any CPU.ActiveCfg = Release|Any CPU
		{BDE1EB8F-EDE1-4A99-86A0-301681B392C8}.Release|Any CPU.Build.0 = Release|Any CPU
	EndGlobalSection
	GlobalSection(SolutionProperties) = preSolution
		HideSolutionNode = FALSE
	EndGlobalSection
	GlobalSection(NestedProjects) = preSolution
		{DA5316AB-912F-4FDD-9210-AA4FC6F9F33B} = {AB021C70-6503-417C-8868-0792E2073CB1}
	EndGlobalSection
	GlobalSection(ExtensibilityGlobals) = postSolution
		SolutionGuid = {A26495A0-3975-4646-9307-3B0D3CCA004A}
	EndGlobalSection
EndGlobal
